
Microsoft Visual Studio Solution File, Format Version 12.00
# Visual Studio Version 17
VisualStudioVersion = 17.4.33213.308
MinimumVisualStudioVersion = 10.0.40219.1
Project("{FAE04EC0-301F-11D3-BF4B-00C04F79EFBC}") = "GasBookingApplication", "GasBookingApplication\GasBookingApplication.csproj", "{DAF0FA21-25F4-4302-BC52-47A6D01328A3}"
EndProject
Global
	GlobalSection(SolutionConfigurationPlatforms) = preSolution
		Debug|Any CPU = Debug|Any CPU
		Release|Any CPU = Release|Any CPU
	EndGlobalSection
	GlobalSection(ProjectConfigurationPlatforms) = postSolution
		{DAF0FA21-25F4-4302-BC52-47A6D01328A3}.Debug|Any CPU.ActiveCfg = Debug|Any CPU
		{DAF0FA21-25F4-4302-BC52-47A6D01328A3}.Debug|Any CPU.Build.0 = Debug|Any CPU
		{DAF0FA21-25F4-4302-BC52-47A6D01328A3}.Release|Any CPU.ActiveCfg = Release|Any CPU
		{DAF0FA21-25F4-4302-BC52-47A6D01328A3}.Release|Any CPU.Build.0 = Release|Any CPU
	EndGlobalSection
	GlobalSection(SolutionProperties) = preSolution
		HideSolutionNode = FALSE
	EndGlobalSection
	GlobalSection(ExtensibilityGlobals) = postSolution
		SolutionGuid = {7C4C6603-4DA0-4D3E-B551-742F76B4779F}
	EndGlobalSection
EndGlobal
